<?xml version="1.0" encoding="utf-8"?>
<Project ToolsVersion="4.0" xmlns="http://schemas.microsoft.com/developer/msbuild/2003">
  <ItemGroup>
    <Filter Include="소스 파일">
      <UniqueIdentifier>{4FC737F1-C7A5-4376-A066-2A32D752A2FF}</UniqueIdentifier>
      <Extensions>cpp;c;cc;cxx;c++;cppm;ixx;def;odl;idl;hpj;bat;asm;asmx</Extensions>
    </Filter>
    <Filter Include="헤더 파일">
      <UniqueIdentifier>{93995380-89BD-4b04-88EB-625FBE52EBFB}</UniqueIdentifier>
      <Extensions>h;hh;hpp;hxx;h++;hm;inl;inc;ipp;xsd</Extensions>
    </Filter>
    <Filter Include="리소스 파일">
      <UniqueIdentifier>{67DA6AB6-F800-4c08-8B7A-83BB121AAD01}</UniqueIdentifier>
      <Extensions>rc;ico;cur;bmp;dlg;rc2;rct;bin;rgs;gif;jpg;jpeg;jpe;resx;tiff;tif;png;wav;mfcribbon-ms</Extensions>
    </Filter>
    <Filter Include="소스 파일\ch01">
      <UniqueIdentifier>{151ada04-3331-42f8-9ea1-8a780805c003}</UniqueIdentifier>
    </Filter>
    <Filter Include="소스 파일\ch02">
      <UniqueIdentifier>{c100efba-9b2c-4ee0-bbb3-b6dbdc62d17b}</UniqueIdentifier>
    </Filter>
    <Filter Include="소스 파일\ch03">
      <UniqueIdentifier>{f779486e-50be-4eda-bd8f-e9a21e5667cc}</UniqueIdentifier>
    </Filter>
    <Filter Include="소스 파일\practice">
      <UniqueIdentifier>{7cb657eb-85ad-42dd-9aee-28a20377857d}</UniqueIdentifier>
    </Filter>
    <Filter Include="소스 파일\ch04">
      <UniqueIdentifier>{c5290973-7988-4cf8-82a6-6f2b323fd310}</UniqueIdentifier>
    </Filter>
    <Filter Include="소스 파일\practice\ch03">
      <UniqueIdentifier>{22894cc4-5443-48d2-b408-7a4f8c832ae6}</UniqueIdentifier>
    </Filter>
    <Filter Include="소스 파일\practice\ch01">
      <UniqueIdentifier>{ceaee523-496c-4ec4-be91-fccbdac068e5}</UniqueIdentifier>
    </Filter>
  </ItemGroup>
  <ItemGroup>
    <ClCompile Include="PritfEx.c">
      <Filter>소스 파일</Filter>
    </ClCompile>
    <ClCompile Include="Printf_format.c">
      <Filter>소스 파일</Filter>
    </ClCompile>
    <ClCompile Include="Scanf.c">
      <Filter>소스 파일</Filter>
    </ClCompile>
    <ClCompile Include="Scanf_sumEx.c">
      <Filter>소스 파일</Filter>
    </ClCompile>
    <ClCompile Include="Ex5.c">
      <Filter>소스 파일</Filter>
    </ClCompile>
    <ClCompile Include="Ex6.c">
      <Filter>소스 파일</Filter>
    </ClCompile>
    <ClCompile Include="Ex7.c">
      <Filter>소스 파일</Filter>
    </ClCompile>
    <ClCompile Include="C_Basic\ch01\Test.c">
      <Filter>소스 파일\ch01</Filter>
    </ClCompile>
    <ClCompile Include="C_Basic\ch02\Second.c">
      <Filter>소스 파일\ch02</Filter>
    </ClCompile>
    <ClCompile Include="C_Basic\ch02\Second_fonc.c">
      <Filter>소스 파일\ch02</Filter>
    </ClCompile>
    <ClCompile Include="C_Basic\practice\ch02\Ex1.c">
      <Filter>소스 파일\practice\ch01</Filter>
    </ClCompile>
    <ClCompile Include="C_Basic\practice\ch02\Ex2.c">
      <Filter>소스 파일\practice\ch01</Filter>
    </ClCompile>
    <ClCompile Include="C_Basic\practice\ch03\Ex06.c">
      <Filter>소스 파일\practice\ch03</Filter>
    </ClCompile>
    <ClCompile Include="C_Basic\practice\ch03\Ex10.c">
      <Filter>소스 파일\practice\ch03</Filter>
    </ClCompile>
    <ClCompile Include="C_Basic\ch03\vla.c">
      <Filter>소스 파일</Filter>
    </ClCompile>
    <ClCompile Include="C_Basic\ch04\printf2.c">
      <Filter>소스 파일\ch04</Filter>
    </ClCompile>
    <ClCompile Include="C_Basic\ch04\printf1.c">
      <Filter>소스 파일\ch04</Filter>
    </ClCompile>
    <ClCompile Include="C_Basic\ch04\printTest.c">
      <Filter>소스 파일</Filter>
    </ClCompile>
  </ItemGroup>
</Project>