<?xml version="1.0" encoding="utf-8"?>
<Project ToolsVersion="4.0" xmlns="http://schemas.microsoft.com/developer/msbuild/2003">
  <ItemGroup>
    <Filter Include="소스 파일">
      <UniqueIdentifier>{4FC737F1-C7A5-4376-A066-2A32D752A2FF}</UniqueIdentifier>
      <Extensions>cpp;c;cc;cxx;c++;cppm;ixx;def;odl;idl;hpj;bat;asm;asmx</Extensions>
    </Filter>
    <Filter Include="헤더 파일">
      <UniqueIdentifier>{93995380-89BD-4b04-88EB-625FBE52EBFB}</UniqueIdentifier>
      <Extensions>h;hh;hpp;hxx;h++;hm;inl;inc;ipp;xsd</Extensions>
    </Filter>
    <Filter Include="리소스 파일">
      <UniqueIdentifier>{67DA6AB6-F800-4c08-8B7A-83BB121AAD01}</UniqueIdentifier>
      <Extensions>rc;ico;cur;bmp;dlg;rc2;rct;bin;rgs;gif;jpg;jpeg;jpe;resx;tiff;tif;png;wav;mfcribbon-ms</Extensions>
    </Filter>
    <Filter Include="소스 파일\ch01">
      <UniqueIdentifier>{37274266-b95d-4930-ae30-97295b6edecb}</UniqueIdentifier>
    </Filter>
    <Filter Include="헤더 파일\include">
      <UniqueIdentifier>{dfb8454b-9671-4367-91b0-faa6d6e5cc55}</UniqueIdentifier>
    </Filter>
    <Filter Include="소스 파일\ch02">
      <UniqueIdentifier>{58c969f9-264e-4431-ad8c-15767de506bf}</UniqueIdentifier>
    </Filter>
    <Filter Include="소스 파일\practice">
      <UniqueIdentifier>{6d3fc8cf-9c42-4a8b-a6db-85187b5c2a12}</UniqueIdentifier>
    </Filter>
    <Filter Include="소스 파일\practice\ch02">
      <UniqueIdentifier>{faf11ee3-fe70-4f5d-9e60-b05f68c5f452}</UniqueIdentifier>
    </Filter>
    <Filter Include="소스 파일\ch03">
      <UniqueIdentifier>{3a12f48e-2381-40dd-aeff-03313ef51b30}</UniqueIdentifier>
    </Filter>
    <Filter Include="소스 파일\practice\ch03">
      <UniqueIdentifier>{7a03c3e3-284e-49f8-b76e-41be31243582}</UniqueIdentifier>
    </Filter>
  </ItemGroup>
  <ItemGroup>
    <ClCompile Include="test.c">
      <Filter>소스 파일\ch01</Filter>
    </ClCompile>
    <ClCompile Include="src\ch02\second.c">
      <Filter>소스 파일\ch02</Filter>
    </ClCompile>
    <ClCompile Include="src\ch02\second_func.c">
      <Filter>소스 파일\ch02</Filter>
    </ClCompile>
    <ClCompile Include="src\practice\ch02\Q1~Q7.cpp">
      <Filter>소스 파일\practice\ch02</Filter>
    </ClCompile>
    <ClCompile Include="src\practice\ch02\Q8.c">
      <Filter>소스 파일\practice\ch02</Filter>
    </ClCompile>
    <ClCompile Include="src\practice\ch02\Q9.c">
      <Filter>소스 파일\practice\ch02</Filter>
    </ClCompile>
    <ClCompile Include="src\practice\ch02\Q10.c">
      <Filter>소스 파일\practice\ch02</Filter>
    </ClCompile>
    <ClCompile Include="src\ch03\variable.c">
      <Filter>소스 파일\ch03</Filter>
    </ClCompile>
    <ClCompile Include="src\ch02\variableClear.c">
      <Filter>소스 파일\ch03</Filter>
    </ClCompile>
    <ClCompile Include="src\practice\ch03\Q1~Q10.c">
      <Filter>소스 파일\practice\ch03</Filter>
    </ClCompile>
  </ItemGroup>
</Project>